
Microsoft Visual Studio Solution File, Format Version 12.00
# Visual Studio Version 17
VisualStudioVersion = 17.4.33205.214
MinimumVisualStudioVersion = 10.0.40219.1
Project("{FAE04EC0-301F-11D3-BF4B-00C04F79EFBC}") = "Expert.ZeljkaMaletic.Seminar", "Expert.ZeljkaMaletic.Seminar\Expert.ZeljkaMaletic.Seminar.csproj", "{0D2266A3-7079-4036-BA95-28F602217565}"
EndProject
Global
	GlobalSection(SolutionConfigurationPlatforms) = preSolution
		Debug|Any CPU = Debug|Any CPU
		Release|Any CPU = Release|Any CPU
	EndGlobalSection
	GlobalSection(ProjectConfigurationPlatforms) = postSolution
		{0D2266A3-7079-4036-BA95-28F602217565}.Debug|Any CPU.ActiveCfg = Debug|Any CPU
		{0D2266A3-7079-4036-BA95-28F602217565}.Debug|Any CPU.Build.0 = Debug|Any CPU
		{0D2266A3-7079-4036-BA95-28F602217565}.Release|Any CPU.ActiveCfg = Release|Any CPU
		{0D2266A3-7079-4036-BA95-28F602217565}.Release|Any CPU.Build.0 = Release|Any CPU
	EndGlobalSection
	GlobalSection(SolutionProperties) = preSolution
		HideSolutionNode = FALSE
	EndGlobalSection
	GlobalSection(ExtensibilityGlobals) = postSolution
		SolutionGuid = {E2F9C061-FCE6-4E34-9098-14824C977A26}
	EndGlobalSection
EndGlobal
